<?xml version="1.0" encoding="UTF-8"?>
<CodeBlocks_project_file>
	<FileVersion major="1" minor="6"/>
	<Project>
		<Option title="RUDP"/>
		<Option makefile_is_custom="1"/>
		<Option compiler="gcc"/>
		<Option virtualFolders="CMake Files\;"/>
		<Build>
			<Target title="all">
				<Option working_dir="/home/natalya/Documents/os/RUDP"/>
				<Option type="4"/>
				<MakeCommands>
					<Build command="/usr/bin/make -j4 -f &quot;/home/natalya/Documents/os/RUDP/Makefile&quot;  VERBOSE=1 all"/>
					<CompileFile command="/usr/bin/make -j4 -f &quot;/home/natalya/Documents/os/RUDP/Makefile&quot;  VERBOSE=1 &quot;$file&quot;"/>
					<Clean command="/usr/bin/make -j4 -f &quot;/home/natalya/Documents/os/RUDP/Makefile&quot;  VERBOSE=1 clean"/>
					<DistClean command="/usr/bin/make -j4 -f &quot;/home/natalya/Documents/os/RUDP/Makefile&quot;  VERBOSE=1 clean"/>
				</MakeCommands>
			</Target>
			<Target title="rebuild_cache">
				<Option working_dir="/home/natalya/Documents/os/RUDP"/>
				<Option type="4"/>
				<MakeCommands>
					<Build command="/usr/bin/make -j4 -f &quot;/home/natalya/Documents/os/RUDP/Makefile&quot;  VERBOSE=1 rebuild_cache"/>
					<CompileFile command="/usr/bin/make -j4 -f &quot;/home/natalya/Documents/os/RUDP/Makefile&quot;  VERBOSE=1 &quot;$file&quot;"/>
					<Clean command="/usr/bin/make -j4 -f &quot;/home/natalya/Documents/os/RUDP/Makefile&quot;  VERBOSE=1 clean"/>
					<DistClean command="/usr/bin/make -j4 -f &quot;/home/natalya/Documents/os/RUDP/Makefile&quot;  VERBOSE=1 clean"/>
				</MakeCommands>
			</Target>
			<Target title="edit_cache">
				<Option working_dir="/home/natalya/Documents/os/RUDP"/>
				<Option type="4"/>
				<MakeCommands>
					<Build command="/usr/bin/make -j4 -f &quot;/home/natalya/Documents/os/RUDP/Makefile&quot;  VERBOSE=1 edit_cache"/>
					<CompileFile command="/usr/bin/make -j4 -f &quot;/home/natalya/Documents/os/RUDP/Makefile&quot;  VERBOSE=1 &quot;$file&quot;"/>
					<Clean command="/usr/bin/make -j4 -f &quot;/home/natalya/Documents/os/RUDP/Makefile&quot;  VERBOSE=1 clean"/>
					<DistClean command="/usr/bin/make -j4 -f &quot;/home/natalya/Documents/os/RUDP/Makefile&quot;  VERBOSE=1 clean"/>
				</MakeCommands>
			</Target>
			<Target title="RUDP">
				<Option output="/home/natalya/Documents/os/RUDP/RUDP" prefix_auto="0" extension_auto="0"/>
				<Option working_dir="/home/natalya/Documents/os/RUDP"/>
				<Option object_output="./"/>
				<Option type="1"/>
				<Option compiler="gcc"/>
				<Compiler>
					<Add directory="/usr/local/include"/>
					<Add directory="/home/natalya/Documents/os/RUDP/src"/>
					<Add directory="/usr/include/c++/7"/>
					<Add directory="/usr/include/x86_64-linux-gnu/c++/7"/>
					<Add directory="/usr/include/c++/7/backward"/>
					<Add directory="/usr/lib/gcc/x86_64-linux-gnu/7/include"/>
					<Add directory="/usr/lib/gcc/x86_64-linux-gnu/7/include-fixed"/>
					<Add directory="/usr/include/x86_64-linux-gnu"/>
					<Add directory="/usr/include"/>
					<Add directory="/usr/lib/gcc/x86_64-linux-gnu/5/include"/>
					<Add directory="/usr/lib/gcc/x86_64-linux-gnu/5/include-fixed"/>
				</Compiler>
				<MakeCommands>
					<Build command="/usr/bin/make -j4 -f &quot;/home/natalya/Documents/os/RUDP/Makefile&quot;  VERBOSE=1 RUDP"/>
					<CompileFile command="/usr/bin/make -j4 -f &quot;/home/natalya/Documents/os/RUDP/Makefile&quot;  VERBOSE=1 &quot;$file&quot;"/>
					<Clean command="/usr/bin/make -j4 -f &quot;/home/natalya/Documents/os/RUDP/Makefile&quot;  VERBOSE=1 clean"/>
					<DistClean command="/usr/bin/make -j4 -f &quot;/home/natalya/Documents/os/RUDP/Makefile&quot;  VERBOSE=1 clean"/>
				</MakeCommands>
			</Target>
			<Target title="RUDP/fast">
				<Option output="/home/natalya/Documents/os/RUDP/RUDP" prefix_auto="0" extension_auto="0"/>
				<Option working_dir="/home/natalya/Documents/os/RUDP"/>
				<Option object_output="./"/>
				<Option type="1"/>
				<Option compiler="gcc"/>
				<Compiler>
					<Add directory="/usr/local/include"/>
					<Add directory="/home/natalya/Documents/os/RUDP/src"/>
					<Add directory="/usr/include/c++/7"/>
					<Add directory="/usr/include/x86_64-linux-gnu/c++/7"/>
					<Add directory="/usr/include/c++/7/backward"/>
					<Add directory="/usr/lib/gcc/x86_64-linux-gnu/7/include"/>
					<Add directory="/usr/lib/gcc/x86_64-linux-gnu/7/include-fixed"/>
					<Add directory="/usr/include/x86_64-linux-gnu"/>
					<Add directory="/usr/include"/>
					<Add directory="/usr/lib/gcc/x86_64-linux-gnu/5/include"/>
					<Add directory="/usr/lib/gcc/x86_64-linux-gnu/5/include-fixed"/>
				</Compiler>
				<MakeCommands>
					<Build command="/usr/bin/make -j4 -f &quot;/home/natalya/Documents/os/RUDP/Makefile&quot;  VERBOSE=1 RUDP/fast"/>
					<CompileFile command="/usr/bin/make -j4 -f &quot;/home/natalya/Documents/os/RUDP/Makefile&quot;  VERBOSE=1 &quot;$file&quot;"/>
					<Clean command="/usr/bin/make -j4 -f &quot;/home/natalya/Documents/os/RUDP/Makefile&quot;  VERBOSE=1 clean"/>
					<DistClean command="/usr/bin/make -j4 -f &quot;/home/natalya/Documents/os/RUDP/Makefile&quot;  VERBOSE=1 clean"/>
				</MakeCommands>
			</Target>
		</Build>
		<Unit filename="/home/natalya/Documents/os/RUDP/src/Core/UDP/Connection/Base/ConnectionBase.h">
			<Option target="RUDP"/>
		</Unit>
		<Unit filename="/home/natalya/Documents/os/RUDP/src/Core/UDP/Connection/Reliability/ReliableConnection.h">
			<Option target="RUDP"/>
		</Unit>
		<Unit filename="/home/natalya/Documents/os/RUDP/src/Core/UDP/Connection/Unreliable/UDPConnection.h">
			<Option target="RUDP"/>
		</Unit>
		<Unit filename="/home/natalya/Documents/os/RUDP/src/Core/UDP/FakeSockets/FakeMessage.cpp">
			<Option target="RUDP"/>
		</Unit>
		<Unit filename="/home/natalya/Documents/os/RUDP/src/Core/UDP/FakeSockets/FakeMessage.h">
			<Option target="RUDP"/>
		</Unit>
		<Unit filename="/home/natalya/Documents/os/RUDP/src/Core/UDP/FakeSockets/FakeNetwork.cpp">
			<Option target="RUDP"/>
		</Unit>
		<Unit filename="/home/natalya/Documents/os/RUDP/src/Core/UDP/FakeSockets/FakeNetwork.h">
			<Option target="RUDP"/>
		</Unit>
		<Unit filename="/home/natalya/Documents/os/RUDP/src/Core/UDP/FakeSockets/FakeSocket.cpp">
			<Option target="RUDP"/>
		</Unit>
		<Unit filename="/home/natalya/Documents/os/RUDP/src/Core/UDP/FakeSockets/FakeSocket.h">
			<Option target="RUDP"/>
		</Unit>
		<Unit filename="/home/natalya/Documents/os/RUDP/src/Core/UDP/IPTarget.cpp">
			<Option target="RUDP"/>
		</Unit>
		<Unit filename="/home/natalya/Documents/os/RUDP/src/Core/UDP/IPTarget.h">
			<Option target="RUDP"/>
		</Unit>
		<Unit filename="/home/natalya/Documents/os/RUDP/src/Core/UDP/Sockets/Socket.cpp">
			<Option target="RUDP"/>
		</Unit>
		<Unit filename="/home/natalya/Documents/os/RUDP/src/Core/UDP/Sockets/Socket.h">
			<Option target="RUDP"/>
		</Unit>
		<Unit filename="/home/natalya/Documents/os/RUDP/src/Core/UDP/Sockets/SocketBase.h">
			<Option target="RUDP"/>
		</Unit>
		<Unit filename="/home/natalya/Documents/os/RUDP/src/Messages/ReliableMessage.pb.cc">
			<Option target="RUDP"/>
		</Unit>
		<Unit filename="/home/natalya/Documents/os/RUDP/src/Messages/ReliableMessage.pb.h">
			<Option target="RUDP"/>
		</Unit>
		<Unit filename="/home/natalya/Documents/os/RUDP/src/Messages/StringMessage.pb.cc">
			<Option target="RUDP"/>
		</Unit>
		<Unit filename="/home/natalya/Documents/os/RUDP/src/Messages/StringMessage.pb.h">
			<Option target="RUDP"/>
		</Unit>
		<Unit filename="/home/natalya/Documents/os/RUDP/src/main.cpp">
			<Option target="RUDP"/>
		</Unit>
		<Unit filename="/home/natalya/Documents/os/RUDP/CMakeLists.txt">
			<Option virtualFolder="CMake Files\"/>
		</Unit>
	</Project>
</CodeBlocks_project_file>
